// !$*UTF8*$!
{
	archiveVersion = 1;
	classes = {
	};
	objectVersion = 50;
	objects = {

/* Begin PBXBuildFile section */
		D907AF11266FDF0100A0BDDB /* AppDelegate.swift in Sources */ = {isa = PBXBuildFile; fileRef = D907AF10266FDF0100A0BDDB /* AppDelegate.swift */; };
		D907AF13266FDF0100A0BDDB /* ViewController.swift in Sources */ = {isa = PBXBuildFile; fileRef = D907AF12266FDF0100A0BDDB /* ViewController.swift */; };
		D907AF15266FDF0400A0BDDB /* Assets.xcassets in Resources */ = {isa = PBXBuildFile; fileRef = D907AF14266FDF0400A0BDDB /* Assets.xcassets */; };
		D907AF18266FDF0400A0BDDB /* Main.storyboard in Resources */ = {isa = PBXBuildFile; fileRef = D907AF16266FDF0400A0BDDB /* Main.storyboard */; };
/* End PBXBuildFile section */

/* Begin PBXFileReference section */
		D907AF0D266FDF0100A0BDDB /* SparkleTestImplement.app */ = {isa = PBXFileReference; explicitFileType = wrapper.application; includeInIndex = 0; path = SparkleTestImplement.app; sourceTree = BUILT_PRODUCTS_DIR; };
		D907AF10266FDF0100A0BDDB /* AppDelegate.swift */ = {isa = PBXFileReference; lastKnownFileType = sourcecode.swift; path = AppDelegate.swift; sourceTree = "<group>"; };
		D907AF12266FDF0100A0BDDB /* ViewController.swift */ = {isa = PBXFileReference; lastKnownFileType = sourcecode.swift; path = ViewController.swift; sourceTree = "<group>"; };
		D907AF14266FDF0400A0BDDB /* Assets.xcassets */ = {isa = PBXFileReference; lastKnownFileType = folder.assetcatalog; path = Assets.xcassets; sourceTree = "<group>"; };
		D907AF17266FDF0400A0BDDB /* Base */ = {isa = PBXFileReference; lastKnownFileType = file.storyboard; name = Base; path = Base.lproj/Main.storyboard; sourceTree = "<group>"; };
		D907AF19266FDF0400A0BDDB /* Info.plist */ = {isa = PBXFileReference; lastKnownFileType = text.plist.xml; path = Info.plist; sourceTree = "<group>"; };
		D907AF1A266FDF0400A0BDDB /* SparkleTestImplement.entitlements */ = {isa = PBXFileReference; lastKnownFileType = text.plist.entitlements; path = SparkleTestImplement.entitlements; sourceTree = "<group>"; };
/* End PBXFileReference section */

/* Begin PBXFrameworksBuildPhase section */
		D907AF0A266FDF0100A0BDDB /* Frameworks */ = {
			isa = PBXFrameworksBuildPhase;
			buildActionMask = 2147483647;
			files = (
			);
			runOnlyForDeploymentPostprocessing = 0;
		};
/* End PBXFrameworksBuildPhase section */

/* Begin PBXGroup section */
		D907AF04266FDF0100A0BDDB = {
			isa = PBXGroup;
			children = (
				D907AF0F266FDF0100A0BDDB /* SparkleTestImplement */,
				D907AF0E266FDF0100A0BDDB /* Products */,
			);
			sourceTree = "<group>";
		};
		D907AF0E266FDF0100A0BDDB /* Products */ = {
			isa = PBXGroup;
			children = (
				D907AF0D266FDF0100A0BDDB /* SparkleTestImplement.app */,
			);
			name = Products;
			sourceTree = "<group>";
		};
		D907AF0F266FDF0100A0BDDB /* SparkleTestImplement */ = {
			isa = PBXGroup;
			children = (
				D907AF10266FDF0100A0BDDB /* AppDelegate.swift */,
				D907AF12266FDF0100A0BDDB /* ViewController.swift */,
				D907AF14266FDF0400A0BDDB /* Assets.xcassets */,
				D907AF16266FDF0400A0BDDB /* Main.storyboard */,
				D907AF19266FDF0400A0BDDB /* Info.plist */,
				D907AF1A266FDF0400A0BDDB /* SparkleTestImplement.entitlements */,
			);
			path = SparkleTestImplement;
			sourceTree = "<group>";
		};
/* End PBXGroup section */

/* Begin PBXNativeTarget section */
		D907AF0C266FDF0100A0BDDB /* SparkleTestImplement */ = {
			isa = PBXNativeTarget;
			buildConfigurationList = D907AF1D266FDF0400A0BDDB /* Build configuration list for PBXNativeTarget "SparkleTestImplement" */;
			buildPhases = (
				D907AF09266FDF0100A0BDDB /* Sources */,
				D907AF0A266FDF0100A0BDDB /* Frameworks */,
				D907AF0B266FDF0100A0BDDB /* Resources */,
			);
			buildRules = (
			);
			dependencies = (
			);
			name = SparkleTestImplement;
			productName = SparkleTestImplement;
			productReference = D907AF0D266FDF0100A0BDDB /* SparkleTestImplement.app */;
			productType = "com.apple.product-type.application";
		};
/* End PBXNativeTarget section */

/* Begin PBXProject section */
		D907AF05266FDF0100A0BDDB /* Project object */ = {
			isa = PBXProject;
			attributes = {
				LastSwiftUpdateCheck = 1250;
				LastUpgradeCheck = 1250;
				TargetAttributes = {
					D907AF0C266FDF0100A0BDDB = {
						CreatedOnToolsVersion = 12.5;
					};
				};
			};
			buildConfigurationList = D907AF08266FDF0100A0BDDB /* Build configuration list for PBXProject "SparkleTestImplement" */;
			compatibilityVersion = "Xcode 9.3";
			developmentRegion = en;
			hasScannedForEncodings = 0;
			knownRegions = (
				en,
				Base,
			);
			mainGroup = D907AF04266FDF0100A0BDDB;
			productRefGroup = D907AF0E266FDF0100A0BDDB /* Products */;
			projectDirPath = "";
			projectRoot = "";
			targets = (
				D907AF0C266FDF0100A0BDDB /* SparkleTestImplement */,
			);
		};
/* End PBXProject section */

/* Begin PBXResourcesBuildPhase section */
		D907AF0B266FDF0100A0BDDB /* Resources */ = {
			isa = PBXResourcesBuildPhase;
			buildActionMask = 2147483647;
			files = (
				D907AF15266FDF0400A0BDDB /* Assets.xcassets in Resources */,
				D907AF18266FDF0400A0BDDB /* Main.storyboard in Resources */,
			);
			runOnlyForDeploymentPostprocessing = 0;
		};
/* End PBXResourcesBuildPhase section */

/* Begin PBXSourcesBuildPhase section */
		D907AF09266FDF0100A0BDDB /* Sources */ = {
			isa = PBXSourcesBuildPhase;
			buildActionMask = 2147483647;
			files = (
				D907AF13266FDF0100A0BDDB /* ViewController.swift in Sources */,
				D907AF11266FDF0100A0BDDB /* AppDelegate.swift in Sources */,
			);
			runOnlyForDeploymentPostprocessing = 0;
		};
/* End PBXSourcesBuildPhase section */

/* Begin PBXVariantGroup section */
		D907AF16266FDF0400A0BDDB /* Main.storyboard */ = {
			isa = PBXVariantGroup;
			children = (
				D907AF17266FDF0400A0BDDB /* Base */,
			);
			name = Main.storyboard;
			sourceTree = "<group>";
		};
/* End PBXVariantGroup section */

/* Begin XCBuildConfiguration section */
		D907AF1B266FDF0400A0BDDB /* Debug */ = {
			isa = XCBuildConfiguration;
			buildSettings = {
				ALWAYS_SEARCH_USER_PATHS = NO;
				CLANG_ANALYZER_NONNULL = YES;
				CLANG_ANALYZER_NUMBER_OBJECT_CONVERSION = YES_AGGRESSIVE;
				CLANG_CXX_LANGUAGE_STANDARD = "gnu++14";
				CLANG_CXX_LIBRARY = "libc++";
				CLANG_ENABLE_MODULES = YES;
				CLANG_ENABLE_OBJC_ARC = YES;
				CLANG_ENABLE_OBJC_WEAK = YES;
				CLANG_WARN_BLOCK_CAPTURE_AUTORELEASING = YES;
				CLANG_WARN_BOOL_CONVERSION = YES;
				CLANG_WARN_COMMA = YES;
				CLANG_WARN_CONSTANT_CONVERSION = YES;
				CLANG_WARN_DEPRECATED_OBJC_IMPLEMENTATIONS = YES;
				CLANG_WARN_DIRECT_OBJC_ISA_USAGE = YES_ERROR;
				CLANG_WARN_DOCUMENTATION_COMMENTS = YES;
				CLANG_WARN_EMPTY_BODY = YES;
				CLANG_WARN_ENUM_CONVERSION = YES;
				CLANG_WARN_INFINITE_RECURSION = YES;
				CLANG_WARN_INT_CONVERSION = YES;
				CLANG_WARN_NON_LITERAL_NULL_CONVERSION = YES;
				CLANG_WARN_OBJC_IMPLICIT_RETAIN_SELF = YES;
				CLANG_WARN_OBJC_LITERAL_CONVERSION = YES;
				CLANG_WARN_OBJC_ROOT_CLASS = YES_ERROR;
				CLANG_WARN_QUOTED_INCLUDE_IN_FRAMEWORK_HEADER = YES;
				CLANG_WARN_RANGE_LOOP_ANALYSIS = YES;
				CLANG_WARN_STRICT_PROTOTYPES = YES;
				CLANG_WARN_SUSPICIOUS_MOVE = YES;
				CLANG_WARN_UNGUARDED_AVAILABILITY = YES_AGGRESSIVE;
				CLANG_WARN_UNREACHABLE_CODE = YES;
				CLANG_WARN__DUPLICATE_METHOD_MATCH = YES;
				COPY_PHASE_STRIP = NO;
				DEBUG_INFORMATION_FORMAT = dwarf;
				ENABLE_STRICT_OBJC_MSGSEND = YES;
				ENABLE_TESTABILITY = YES;
				GCC_C_LANGUAGE_STANDARD = gnu11;
				GCC_DYNAMIC_NO_PIC = NO;
				GCC_NO_COMMON_BLOCKS = YES;
				GCC_OPTIMIZATION_LEVEL = 0;
				GCC_PREPROCESSOR_DEFINITIONS = (
					"DEBUG=1",
					"$(inherited)",
				);
				GCC_WARN_64_TO_32_BIT_CONVERSION = YES;
				GCC_WARN_ABOUT_RETURN_TYPE = YES_ERROR;
				GCC_WARN_UNDECLARED_SELECTOR = YES;
				GCC_WARN_UNINITIALIZED_AUTOS = YES_AGGRESSIVE;
				GCC_WARN_UNUSED_FUNCTION = YES;
				GCC_WARN_UNUSED_VARIABLE = YES;
				MACOSX_DEPLOYMENT_TARGET = 11.3;
				MTL_ENABLE_DEBUG_INFO = INCLUDE_SOURCE;
				MTL_FAST_MATH = YES;
				ONLY_ACTIVE_ARCH = YES;
				SDKROOT = macosx;
				SWIFT_ACTIVE_COMPILATION_CONDITIONS = DEBUG;
				SWIFT_OPTIMIZATION_LEVEL = "-Onone";
			};
			name = Debug;
		};
		D907AF1C266FDF0400A0BDDB /* Release */ = {
			isa = XCBuildConfiguration;
			buildSettings = {
				ALWAYS_SEARCH_USER_PATHS = NO;
				CLANG_ANALYZER_NONNULL = YES;
				CLANG_ANALYZER_NUMBER_OBJECT_CONVERSION = YES_AGGRESSIVE;
				CLANG_CXX_LANGUAGE_STANDARD = "gnu++14";
				CLANG_CXX_LIBRARY = "libc++";
				CLANG_ENABLE_MODULES = YES;
				CLANG_ENABLE_OBJC_ARC = YES;
				CLANG_ENABLE_OBJC_WEAK = YES;
				CLANG_WARN_BLOCK_CAPTURE_AUTORELEASING = YES;
				CLANG_WARN_BOOL_CONVERSION = YES;
				CLANG_WARN_COMMA = YES;
				CLANG_WARN_CONSTANT_CONVERSION = YES;
				CLANG_WARN_DEPRECATED_OBJC_IMPLEMENTATIONS = YES;
				CLANG_WARN_DIRECT_OBJC_ISA_USAGE = YES_ERROR;
				CLANG_WARN_DOCUMENTATION_COMMENTS = YES;
				CLANG_WARN_EMPTY_BODY = YES;
				CLANG_WARN_ENUM_CONVERSION = YES;
				CLANG_WARN_INFINITE_RECURSION = YES;
				CLANG_WARN_INT_CONVERSION = YES;
				CLANG_WARN_NON_LITERAL_NULL_CONVERSION = YES;
				CLANG_WARN_OBJC_IMPLICIT_RETAIN_SELF = YES;
				CLANG_WARN_OBJC_LITERAL_CONVERSION = YES;
				CLANG_WARN_OBJC_ROOT_CLASS = YES_ERROR;
				CLANG_WARN_QUOTED_INCLUDE_IN_FRAMEWORK_HEADER = YES;
				CLANG_WARN_RANGE_LOOP_ANALYSIS = YES;
				CLANG_WARN_STRICT_PROTOTYPES = YES;
				CLANG_WARN_SUSPICIOUS_MOVE = YES;
				CLANG_WARN_UNGUARDED_AVAILABILITY = YES_AGGRESSIVE;
				CLANG_WARN_UNREACHABLE_CODE = YES;
				CLANG_WARN__DUPLICATE_METHOD_MATCH = YES;
				COPY_PHASE_STRIP = NO;
				DEBUG_INFORMATION_FORMAT = "dwarf-with-dsym";
				ENABLE_NS_ASSERTIONS = NO;
				ENABLE_STRICT_OBJC_MSGSEND = YES;
				GCC_C_LANGUAGE_STANDARD = gnu11;
				GCC_NO_COMMON_BLOCKS = YES;
				GCC_WARN_64_TO_32_BIT_CONVERSION = YES;
				GCC_WARN_ABOUT_RETURN_TYPE = YES_ERROR;
				GCC_WARN_UNDECLARED_SELECTOR = YES;
				GCC_WARN_UNINITIALIZED_AUTOS = YES_AGGRESSIVE;
				GCC_WARN_UNUSED_FUNCTION = YES;
				GCC_WARN_UNUSED_VARIABLE = YES;
				MACOSX_DEPLOYMENT_TARGET = 11.3;
				MTL_ENABLE_DEBUG_INFO = NO;
				MTL_FAST_MATH = YES;
				SDKROOT = macosx;
				SWIFT_COMPILATION_MODE = wholemodule;
				SWIFT_OPTIMIZATION_LEVEL = "-O";
			};
			name = Release;
		};
		D907AF1E266FDF0400A0BDDB /* Debug */ = {
			isa = XCBuildConfiguration;
			buildSettings = {
				ASSETCATALOG_COMPILER_APPICON_NAME = AppIcon;
				ASSETCATALOG_COMPILER_GLOBAL_ACCENT_COLOR_NAME = AccentColor;
				CODE_SIGN_ENTITLEMENTS = SparkleTestImplement/SparkleTestImplement.entitlements;
				CODE_SIGN_STYLE = Automatic;
				COMBINE_HIDPI_IMAGES = YES;
				DEVELOPMENT_TEAM = 55MCT9R6B9;
				ENABLE_HARDENED_RUNTIME = YES;
				INFOPLIST_FILE = SparkleTestImplement/Info.plist;
				LD_RUNPATH_SEARCH_PATHS = (
					"$(inherited)",
					"@executable_path/../Frameworks",
				);
				PRODUCT_BUNDLE_IDENTIFIER = com.VasPet.SparkleTestImplement;
				PRODUCT_NAME = "$(TARGET_NAME)";
				SWIFT_VERSION = 5.0;
			};
			name = Debug;
		};
		D907AF1F266FDF0400A0BDDB /* Release */ = {
			isa = XCBuildConfiguration;
			buildSettings = {
				ASSETCATALOG_COMPILER_APPICON_NAME = AppIcon;
				ASSETCATALOG_COMPILER_GLOBAL_ACCENT_COLOR_NAME = AccentColor;
				CODE_SIGN_ENTITLEMENTS = SparkleTestImplement/SparkleTestImplement.entitlements;
				CODE_SIGN_STYLE = Automatic;
				COMBINE_HIDPI_IMAGES = YES;
				DEVELOPMENT_TEAM = 55MCT9R6B9;
				ENABLE_HARDENED_RUNTIME = YES;
				INFOPLIST_FILE = SparkleTestImplement/Info.plist;
				LD_RUNPATH_SEARCH_PATHS = (
					"$(inherited)",
					"@executable_path/../Frameworks",
				);
				PRODUCT_BUNDLE_IDENTIFIER = com.VasPet.SparkleTestImplement;
				PRODUCT_NAME = "$(TARGET_NAME)";
				SWIFT_VERSION = 5.0;
			};
			name = Release;
		};
/* End XCBuildConfiguration section */

/* Begin XCConfigurationList section */
		D907AF08266FDF0100A0BDDB /* Build configuration list for PBXProject "SparkleTestImplement" */ = {
			isa = XCConfigurationList;
			buildConfigurations = (
				D907AF1B266FDF0400A0BDDB /* Debug */,
				D907AF1C266FDF0400A0BDDB /* Release */,
			);
			defaultConfigurationIsVisible = 0;
			defaultConfigurationName = Release;
		};
		D907AF1D266FDF0400A0BDDB /* Build configuration list for PBXNativeTarget "SparkleTestImplement" */ = {
			isa = XCConfigurationList;
			buildConfigurations = (
				D907AF1E266FDF0400A0BDDB /* Debug */,
				D907AF1F266FDF0400A0BDDB /* Release */,
			);
			defaultConfigurationIsVisible = 0;
			defaultConfigurationName = Release;
		};
/* End XCConfigurationList section */
	};
	rootObject = D907AF05266FDF0100A0BDDB /* Project object */;
}
